// !$*UTF8*$!
{
	archiveVersion = 1;
	classes = {
	};
	objectVersion = 55;
	objects = {

/* Begin PBXBuildFile section */
		BA1CD4A628FF36E400559D1A /* AddExpenseCategoryPopupView.swift in Sources */ = {isa = PBXBuildFile; fileRef = BA1CD4A528FF36E400559D1A /* AddExpenseCategoryPopupView.swift */; };
		BA1CD4A828FFE00000559D1A /* AddExpenseBudgetPopupView.swift in Sources */ = {isa = PBXBuildFile; fileRef = BA1CD4A728FFE00000559D1A /* AddExpenseBudgetPopupView.swift */; };
		BA35B2B228E054E100560F64 /* CategoryColorBox.swift in Sources */ = {isa = PBXBuildFile; fileRef = BA35B2B128E054E100560F64 /* CategoryColorBox.swift */; };
		BA35B2B428E0CB7C00560F64 /* HomeView.swift in Sources */ = {isa = PBXBuildFile; fileRef = BA35B2B328E0CB7C00560F64 /* HomeView.swift */; };
		BA35B2B628E0D12700560F64 /* CoreDataExpenseManager.swift in Sources */ = {isa = PBXBuildFile; fileRef = BA35B2B528E0D12700560F64 /* CoreDataExpenseManager.swift */; };
		BA35B2B828E0D1EC00560F64 /* AddExpenseViewCategoryButton.swift in Sources */ = {isa = PBXBuildFile; fileRef = BA35B2B728E0D1EC00560F64 /* AddExpenseViewCategoryButton.swift */; };
		BA38E90428CE518100EC1A08 /* BuildHelper.swift in Sources */ = {isa = PBXBuildFile; fileRef = BA38E90328CE518100EC1A08 /* BuildHelper.swift */; };
		BA38E90628D1242800EC1A08 /* CoreDataManager.swift in Sources */ = {isa = PBXBuildFile; fileRef = BA38E90528D1242800EC1A08 /* CoreDataManager.swift */; };
		BA38E90828D126B800EC1A08 /* CoreDataExpenseCategoryManager.swift in Sources */ = {isa = PBXBuildFile; fileRef = BA38E90728D126B800EC1A08 /* CoreDataExpenseCategoryManager.swift */; };
		BA5640FC28DB40C100BEEAFD /* CategorySettingView.swift in Sources */ = {isa = PBXBuildFile; fileRef = BA5640FB28DB40C100BEEAFD /* CategorySettingView.swift */; };
		BA5640FE28DB57E800BEEAFD /* CategorySettingColorButton.swift in Sources */ = {isa = PBXBuildFile; fileRef = BA5640FD28DB57E800BEEAFD /* CategorySettingColorButton.swift */; };
		BA87EC4128C8F97200FBDBB8 /* ExpenseTrackerTwoApp.swift in Sources */ = {isa = PBXBuildFile; fileRef = BA87EC4028C8F97200FBDBB8 /* ExpenseTrackerTwoApp.swift */; };
		BA87EC4328C8F97200FBDBB8 /* ContentView.swift in Sources */ = {isa = PBXBuildFile; fileRef = BA87EC4228C8F97200FBDBB8 /* ContentView.swift */; };
		BA87EC4528C8F97200FBDBB8 /* Assets.xcassets in Resources */ = {isa = PBXBuildFile; fileRef = BA87EC4428C8F97200FBDBB8 /* Assets.xcassets */; };
		BA87EC4828C8F97200FBDBB8 /* Preview Assets.xcassets in Resources */ = {isa = PBXBuildFile; fileRef = BA87EC4728C8F97200FBDBB8 /* Preview Assets.xcassets */; };
		BA87EC4A28C8F97200FBDBB8 /* Persistence.swift in Sources */ = {isa = PBXBuildFile; fileRef = BA87EC4928C8F97200FBDBB8 /* Persistence.swift */; };
		BA87EC4D28C8F97200FBDBB8 /* ExpenseTrackerTwo.xcdatamodeld in Sources */ = {isa = PBXBuildFile; fileRef = BA87EC4B28C8F97200FBDBB8 /* ExpenseTrackerTwo.xcdatamodeld */; };
		BA87EC5728C8F97200FBDBB8 /* ExpenseTrackerTwoTests.swift in Sources */ = {isa = PBXBuildFile; fileRef = BA87EC5628C8F97200FBDBB8 /* ExpenseTrackerTwoTests.swift */; };
		BA87EC6128C8F97200FBDBB8 /* ExpenseTrackerTwoUITests.swift in Sources */ = {isa = PBXBuildFile; fileRef = BA87EC6028C8F97200FBDBB8 /* ExpenseTrackerTwoUITests.swift */; };
		BA87EC6328C8F97200FBDBB8 /* ExpenseTrackerTwoUITestsLaunchTests.swift in Sources */ = {isa = PBXBuildFile; fileRef = BA87EC6228C8F97200FBDBB8 /* ExpenseTrackerTwoUITestsLaunchTests.swift */; };
		BA87EC7228C93D4100FBDBB8 /* AddExpenseView.swift in Sources */ = {isa = PBXBuildFile; fileRef = BA87EC7128C93D4100FBDBB8 /* AddExpenseView.swift */; };
		BA87EC7428C9407E00FBDBB8 /* BudgetView.swift in Sources */ = {isa = PBXBuildFile; fileRef = BA87EC7328C9407E00FBDBB8 /* BudgetView.swift */; };
		BA87EC7628C9433000FBDBB8 /* BudgetGoalView.swift in Sources */ = {isa = PBXBuildFile; fileRef = BA87EC7528C9433000FBDBB8 /* BudgetGoalView.swift */; };
		BA87EC7828C9439F00FBDBB8 /* PreviewManager.swift in Sources */ = {isa = PBXBuildFile; fileRef = BA87EC7728C9439F00FBDBB8 /* PreviewManager.swift */; };
		BA87EC8228C951B900FBDBB8 /* BudgetTable+CoreDataClass.swift in Sources */ = {isa = PBXBuildFile; fileRef = BA87EC8028C951B900FBDBB8 /* BudgetTable+CoreDataClass.swift */; };
		BA87EC8328C951B900FBDBB8 /* BudgetTable+CoreDataProperties.swift in Sources */ = {isa = PBXBuildFile; fileRef = BA87EC8128C951B900FBDBB8 /* BudgetTable+CoreDataProperties.swift */; };
		BA87EC8628C952C100FBDBB8 /* BudgetGoals+CoreDataClass.swift in Sources */ = {isa = PBXBuildFile; fileRef = BA87EC8428C952C100FBDBB8 /* BudgetGoals+CoreDataClass.swift */; };
		BA87EC8728C952C100FBDBB8 /* BudgetGoals+CoreDataProperties.swift in Sources */ = {isa = PBXBuildFile; fileRef = BA87EC8528C952C100FBDBB8 /* BudgetGoals+CoreDataProperties.swift */; };
		BA8DBB0828D6188D00BF36F5 /* GlobalExtensions.swift in Sources */ = {isa = PBXBuildFile; fileRef = BA8DBB0728D6188D00BF36F5 /* GlobalExtensions.swift */; };
		BA8DBB0C28D8DD7900BF36F5 /* ExpenseFilterView.swift in Sources */ = {isa = PBXBuildFile; fileRef = BA8DBB0B28D8DD7900BF36F5 /* ExpenseFilterView.swift */; };
		BAAD926828D1BB15004D712B /* Expense+CoreDataClass.swift in Sources */ = {isa = PBXBuildFile; fileRef = BAAD926628D1BB15004D712B /* Expense+CoreDataClass.swift */; };
		BAAD926928D1BB15004D712B /* Expense+CoreDataProperties.swift in Sources */ = {isa = PBXBuildFile; fileRef = BAAD926728D1BB15004D712B /* Expense+CoreDataProperties.swift */; };
		BABDB3EB28D2FA2400F0C48C /* ExpensesView.swift in Sources */ = {isa = PBXBuildFile; fileRef = BABDB3EA28D2FA2400F0C48C /* ExpensesView.swift */; };
		BACED7C428FFF3B40061D464 /* PickBudgetTableView.swift in Sources */ = {isa = PBXBuildFile; fileRef = BACED7C228FFF3B40061D464 /* PickBudgetTableView.swift */; };
		BACED7C528FFF3B40061D464 /* PickExpenseCategoryView.swift in Sources */ = {isa = PBXBuildFile; fileRef = BACED7C328FFF3B40061D464 /* PickExpenseCategoryView.swift */; };
		BACED7C729001A300061D464 /* AddExpenseDatePicker.swift in Sources */ = {isa = PBXBuildFile; fileRef = BACED7C629001A300061D464 /* AddExpenseDatePicker.swift */; };
		BACED7CB29002E120061D464 /* GlobalCustomModifiers.swift in Sources */ = {isa = PBXBuildFile; fileRef = BACED7CA29002E120061D464 /* GlobalCustomModifiers.swift */; };
		BACED7CD290035670061D464 /* AddExpenseTextInputView.swift in Sources */ = {isa = PBXBuildFile; fileRef = BACED7CC290035670061D464 /* AddExpenseTextInputView.swift */; };
		BACED7CF290040370061D464 /* AddExpenseListTextView.swift in Sources */ = {isa = PBXBuildFile; fileRef = BACED7CE290040370061D464 /* AddExpenseListTextView.swift */; };
		BACED7D3290044190061D464 /* AddExpenseCalendarButton.swift in Sources */ = {isa = PBXBuildFile; fileRef = BACED7D2290044190061D464 /* AddExpenseCalendarButton.swift */; };
		BACED7D729066F590061D464 /* AddExpenseDeleteButton.swift in Sources */ = {isa = PBXBuildFile; fileRef = BACED7D629066F590061D464 /* AddExpenseDeleteButton.swift */; };
		BACED7D9290672700061D464 /* CategorySettingViewDeleteButton.swift in Sources */ = {isa = PBXBuildFile; fileRef = BACED7D8290672700061D464 /* CategorySettingViewDeleteButton.swift */; };
		BACED7DB29068D010061D464 /* TestView.swift in Sources */ = {isa = PBXBuildFile; fileRef = BACED7DA29068D010061D464 /* TestView.swift */; };
		BACED7DD29068F990061D464 /* TextViewTwo.swift in Sources */ = {isa = PBXBuildFile; fileRef = BACED7DC29068F990061D464 /* TextViewTwo.swift */; };
		BACED7DF29068FD30061D464 /* TesterView.swift in Sources */ = {isa = PBXBuildFile; fileRef = BACED7DE29068FD30061D464 /* TesterView.swift */; };
		BACED7E1290693AD0061D464 /* BudgetGoalViewCategoryName.swift in Sources */ = {isa = PBXBuildFile; fileRef = BACED7E0290693AD0061D464 /* BudgetGoalViewCategoryName.swift */; };
		BACED7E32906D1C90061D464 /* BudgetSettingButton.swift in Sources */ = {isa = PBXBuildFile; fileRef = BACED7E22906D1C90061D464 /* BudgetSettingButton.swift */; };
		BAEC781528E7351B00911088 /* AddBudgetView.swift in Sources */ = {isa = PBXBuildFile; fileRef = BAEC781428E7351B00911088 /* AddBudgetView.swift */; };
		BAEC781728E736E000911088 /* AddBudgetGoal.swift in Sources */ = {isa = PBXBuildFile; fileRef = BAEC781628E736E000911088 /* AddBudgetGoal.swift */; };
		BAEC781E28E852B900911088 /* ExpenseCategoryListView.swift in Sources */ = {isa = PBXBuildFile; fileRef = BAEC781D28E852B900911088 /* ExpenseCategoryListView.swift */; };
		BAEC782028E8568800911088 /* SaveButtonView.swift in Sources */ = {isa = PBXBuildFile; fileRef = BAEC781F28E8568800911088 /* SaveButtonView.swift */; };
		BAEC782228E8582800911088 /* TextFieldView.swift in Sources */ = {isa = PBXBuildFile; fileRef = BAEC782128E8582800911088 /* TextFieldView.swift */; };
		BAEC782428E85A1500911088 /* BudgetGoalsListView.swift in Sources */ = {isa = PBXBuildFile; fileRef = BAEC782328E85A1500911088 /* BudgetGoalsListView.swift */; };
		BAEC782628E85B7200911088 /* GreenPlusButton.swift in Sources */ = {isa = PBXBuildFile; fileRef = BAEC782528E85B7200911088 /* GreenPlusButton.swift */; };
		BAEC782828E85D9300911088 /* ListViewLinkButton.swift in Sources */ = {isa = PBXBuildFile; fileRef = BAEC782728E85D9300911088 /* ListViewLinkButton.swift */; };
		BAEC782B28E87DDA00911088 /* CoreDataBudgetManager.swift in Sources */ = {isa = PBXBuildFile; fileRef = BAEC782A28E87DDA00911088 /* CoreDataBudgetManager.swift */; };
		BAEC782F28E97EF300911088 /* BudgetTableListView.swift in Sources */ = {isa = PBXBuildFile; fileRef = BAEC782E28E97EF300911088 /* BudgetTableListView.swift */; };
		BAEC783128E97F0A00911088 /* AddExpensePickBudgetTableView.swift in Sources */ = {isa = PBXBuildFile; fileRef = BAEC783028E97F0A00911088 /* AddExpensePickBudgetTableView.swift */; };
		BAEC783428E97F8100911088 /* BudgetTableListObject.swift in Sources */ = {isa = PBXBuildFile; fileRef = BAEC783328E97F8100911088 /* BudgetTableListObject.swift */; };
		BAEC783A28E9860D00911088 /* AddExpenseDataView.swift in Sources */ = {isa = PBXBuildFile; fileRef = BAEC783928E9860D00911088 /* AddExpenseDataView.swift */; };
		BAEC783C28E9E08700911088 /* ExpenseSettingView.swift in Sources */ = {isa = PBXBuildFile; fileRef = BAEC783B28E9E08700911088 /* ExpenseSettingView.swift */; };
		BAEC783E28EACA7C00911088 /* ExpenseSettingCategoryView.swift in Sources */ = {isa = PBXBuildFile; fileRef = BAEC783D28EACA7C00911088 /* ExpenseSettingCategoryView.swift */; };
		BAEC784028EACBDD00911088 /* ExpenseSettingBudgetView.swift in Sources */ = {isa = PBXBuildFile; fileRef = BAEC783F28EACBDD00911088 /* ExpenseSettingBudgetView.swift */; };
		BAEC784328EAD3E900911088 /* Liquid in Frameworks */ = {isa = PBXBuildFile; productRef = BAEC784228EAD3E900911088 /* Liquid */; };
		BAEC785028EAE4E700911088 /* BackgroundSplashView.swift in Sources */ = {isa = PBXBuildFile; fileRef = BAEC784F28EAE4E700911088 /* BackgroundSplashView.swift */; };
		BAFACDB728DB088700E0C94F /* StringColorConverter.swift in Sources */ = {isa = PBXBuildFile; fileRef = BAFACDB628DB088700E0C94F /* StringColorConverter.swift */; };
		BAFACDB928DB10B000E0C94F /* CategoriesView.swift in Sources */ = {isa = PBXBuildFile; fileRef = BAFACDB828DB10B000E0C94F /* CategoriesView.swift */; };
		BAFFCDC428D6134900013855 /* ExpenseInfoView.swift in Sources */ = {isa = PBXBuildFile; fileRef = BAFFCDC328D6134900013855 /* ExpenseInfoView.swift */; };
		BAFFCDC728D614A300013855 /* ExpenseCategory+CoreDataClass.swift in Sources */ = {isa = PBXBuildFile; fileRef = BAFFCDC528D614A300013855 /* ExpenseCategory+CoreDataClass.swift */; };
		BAFFCDC828D614A300013855 /* ExpenseCategory+CoreDataProperties.swift in Sources */ = {isa = PBXBuildFile; fileRef = BAFFCDC628D614A300013855 /* ExpenseCategory+CoreDataProperties.swift */; };
/* End PBXBuildFile section */

/* Begin PBXContainerItemProxy section */
		BA87EC5328C8F97200FBDBB8 /* PBXContainerItemProxy */ = {
			isa = PBXContainerItemProxy;
			containerPortal = BA87EC3528C8F97200FBDBB8 /* Project object */;
			proxyType = 1;
			remoteGlobalIDString = BA87EC3C28C8F97200FBDBB8;
			remoteInfo = ExpenseTrackerTwo;
		};
		BA87EC5D28C8F97200FBDBB8 /* PBXContainerItemProxy */ = {
			isa = PBXContainerItemProxy;
			containerPortal = BA87EC3528C8F97200FBDBB8 /* Project object */;
			proxyType = 1;
			remoteGlobalIDString = BA87EC3C28C8F97200FBDBB8;
			remoteInfo = ExpenseTrackerTwo;
		};
/* End PBXContainerItemProxy section */

/* Begin PBXFileReference section */
		BA1CD4A528FF36E400559D1A /* AddExpenseCategoryPopupView.swift */ = {isa = PBXFileReference; lastKnownFileType = sourcecode.swift; path = AddExpenseCategoryPopupView.swift; sourceTree = "<group>"; };
		BA1CD4A728FFE00000559D1A /* AddExpenseBudgetPopupView.swift */ = {isa = PBXFileReference; lastKnownFileType = sourcecode.swift; path = AddExpenseBudgetPopupView.swift; sourceTree = "<group>"; };
		BA35B2B128E054E100560F64 /* CategoryColorBox.swift */ = {isa = PBXFileReference; lastKnownFileType = sourcecode.swift; path = CategoryColorBox.swift; sourceTree = "<group>"; };
		BA35B2B328E0CB7C00560F64 /* HomeView.swift */ = {isa = PBXFileReference; lastKnownFileType = sourcecode.swift; path = HomeView.swift; sourceTree = "<group>"; };
		BA35B2B528E0D12700560F64 /* CoreDataExpenseManager.swift */ = {isa = PBXFileReference; lastKnownFileType = sourcecode.swift; path = CoreDataExpenseManager.swift; sourceTree = "<group>"; };
		BA35B2B728E0D1EC00560F64 /* AddExpenseViewCategoryButton.swift */ = {isa = PBXFileReference; lastKnownFileType = sourcecode.swift; path = AddExpenseViewCategoryButton.swift; sourceTree = "<group>"; };
		BA38E90328CE518100EC1A08 /* BuildHelper.swift */ = {isa = PBXFileReference; lastKnownFileType = sourcecode.swift; path = BuildHelper.swift; sourceTree = "<group>"; };
		BA38E90528D1242800EC1A08 /* CoreDataManager.swift */ = {isa = PBXFileReference; lastKnownFileType = sourcecode.swift; path = CoreDataManager.swift; sourceTree = "<group>"; };
		BA38E90728D126B800EC1A08 /* CoreDataExpenseCategoryManager.swift */ = {isa = PBXFileReference; lastKnownFileType = sourcecode.swift; path = CoreDataExpenseCategoryManager.swift; sourceTree = "<group>"; };
		BA5640FB28DB40C100BEEAFD /* CategorySettingView.swift */ = {isa = PBXFileReference; lastKnownFileType = sourcecode.swift; path = CategorySettingView.swift; sourceTree = "<group>"; };
		BA5640FD28DB57E800BEEAFD /* CategorySettingColorButton.swift */ = {isa = PBXFileReference; lastKnownFileType = sourcecode.swift; path = CategorySettingColorButton.swift; sourceTree = "<group>"; };
		BA87EC3D28C8F97200FBDBB8 /* ExpenseTrackerTwo.app */ = {isa = PBXFileReference; explicitFileType = wrapper.application; includeInIndex = 0; path = ExpenseTrackerTwo.app; sourceTree = BUILT_PRODUCTS_DIR; };
		BA87EC4028C8F97200FBDBB8 /* ExpenseTrackerTwoApp.swift */ = {isa = PBXFileReference; lastKnownFileType = sourcecode.swift; path = ExpenseTrackerTwoApp.swift; sourceTree = "<group>"; };
		BA87EC4228C8F97200FBDBB8 /* ContentView.swift */ = {isa = PBXFileReference; lastKnownFileType = sourcecode.swift; path = ContentView.swift; sourceTree = "<group>"; };
		BA87EC4428C8F97200FBDBB8 /* Assets.xcassets */ = {isa = PBXFileReference; lastKnownFileType = folder.assetcatalog; path = Assets.xcassets; sourceTree = "<group>"; };
		BA87EC4728C8F97200FBDBB8 /* Preview Assets.xcassets */ = {isa = PBXFileReference; lastKnownFileType = folder.assetcatalog; path = "Preview Assets.xcassets"; sourceTree = "<group>"; };
		BA87EC4928C8F97200FBDBB8 /* Persistence.swift */ = {isa = PBXFileReference; lastKnownFileType = sourcecode.swift; path = Persistence.swift; sourceTree = "<group>"; };
		BA87EC4C28C8F97200FBDBB8 /* ExpenseTrackerTwo.xcdatamodel */ = {isa = PBXFileReference; lastKnownFileType = wrapper.xcdatamodel; path = ExpenseTrackerTwo.xcdatamodel; sourceTree = "<group>"; };
		BA87EC5228C8F97200FBDBB8 /* ExpenseTrackerTwoTests.xctest */ = {isa = PBXFileReference; explicitFileType = wrapper.cfbundle; includeInIndex = 0; path = ExpenseTrackerTwoTests.xctest; sourceTree = BUILT_PRODUCTS_DIR; };
		BA87EC5628C8F97200FBDBB8 /* ExpenseTrackerTwoTests.swift */ = {isa = PBXFileReference; lastKnownFileType = sourcecode.swift; path = ExpenseTrackerTwoTests.swift; sourceTree = "<group>"; };
		BA87EC5C28C8F97200FBDBB8 /* ExpenseTrackerTwoUITests.xctest */ = {isa = PBXFileReference; explicitFileType = wrapper.cfbundle; includeInIndex = 0; path = ExpenseTrackerTwoUITests.xctest; sourceTree = BUILT_PRODUCTS_DIR; };
		BA87EC6028C8F97200FBDBB8 /* ExpenseTrackerTwoUITests.swift */ = {isa = PBXFileReference; lastKnownFileType = sourcecode.swift; path = ExpenseTrackerTwoUITests.swift; sourceTree = "<group>"; };
		BA87EC6228C8F97200FBDBB8 /* ExpenseTrackerTwoUITestsLaunchTests.swift */ = {isa = PBXFileReference; lastKnownFileType = sourcecode.swift; path = ExpenseTrackerTwoUITestsLaunchTests.swift; sourceTree = "<group>"; };
		BA87EC7128C93D4100FBDBB8 /* AddExpenseView.swift */ = {isa = PBXFileReference; lastKnownFileType = sourcecode.swift; path = AddExpenseView.swift; sourceTree = "<group>"; };
		BA87EC7328C9407E00FBDBB8 /* BudgetView.swift */ = {isa = PBXFileReference; lastKnownFileType = sourcecode.swift; path = BudgetView.swift; sourceTree = "<group>"; };
		BA87EC7528C9433000FBDBB8 /* BudgetGoalView.swift */ = {isa = PBXFileReference; lastKnownFileType = sourcecode.swift; path = BudgetGoalView.swift; sourceTree = "<group>"; };
		BA87EC7728C9439F00FBDBB8 /* PreviewManager.swift */ = {isa = PBXFileReference; lastKnownFileType = sourcecode.swift; path = PreviewManager.swift; sourceTree = "<group>"; };
		BA87EC8028C951B900FBDBB8 /* BudgetTable+CoreDataClass.swift */ = {isa = PBXFileReference; lastKnownFileType = sourcecode.swift; path = "BudgetTable+CoreDataClass.swift"; sourceTree = "<group>"; };
		BA87EC8128C951B900FBDBB8 /* BudgetTable+CoreDataProperties.swift */ = {isa = PBXFileReference; lastKnownFileType = sourcecode.swift; path = "BudgetTable+CoreDataProperties.swift"; sourceTree = "<group>"; };
		BA87EC8428C952C100FBDBB8 /* BudgetGoals+CoreDataClass.swift */ = {isa = PBXFileReference; lastKnownFileType = sourcecode.swift; path = "BudgetGoals+CoreDataClass.swift"; sourceTree = "<group>"; };
		BA87EC8528C952C100FBDBB8 /* BudgetGoals+CoreDataProperties.swift */ = {isa = PBXFileReference; lastKnownFileType = sourcecode.swift; path = "BudgetGoals+CoreDataProperties.swift"; sourceTree = "<group>"; };
		BA8DBB0728D6188D00BF36F5 /* GlobalExtensions.swift */ = {isa = PBXFileReference; lastKnownFileType = sourcecode.swift; path = GlobalExtensions.swift; sourceTree = "<group>"; };
		BA8DBB0B28D8DD7900BF36F5 /* ExpenseFilterView.swift */ = {isa = PBXFileReference; lastKnownFileType = sourcecode.swift; path = ExpenseFilterView.swift; sourceTree = "<group>"; };
		BAAD926628D1BB15004D712B /* Expense+CoreDataClass.swift */ = {isa = PBXFileReference; lastKnownFileType = sourcecode.swift; path = "Expense+CoreDataClass.swift"; sourceTree = "<group>"; };
		BAAD926728D1BB15004D712B /* Expense+CoreDataProperties.swift */ = {isa = PBXFileReference; lastKnownFileType = sourcecode.swift; path = "Expense+CoreDataProperties.swift"; sourceTree = "<group>"; };
		BABDB3EA28D2FA2400F0C48C /* ExpensesView.swift */ = {isa = PBXFileReference; lastKnownFileType = sourcecode.swift; path = ExpensesView.swift; sourceTree = "<group>"; };
		BACED7C228FFF3B40061D464 /* PickBudgetTableView.swift */ = {isa = PBXFileReference; fileEncoding = 4; lastKnownFileType = sourcecode.swift; path = PickBudgetTableView.swift; sourceTree = "<group>"; };
		BACED7C328FFF3B40061D464 /* PickExpenseCategoryView.swift */ = {isa = PBXFileReference; fileEncoding = 4; lastKnownFileType = sourcecode.swift; path = PickExpenseCategoryView.swift; sourceTree = "<group>"; };
		BACED7C629001A300061D464 /* AddExpenseDatePicker.swift */ = {isa = PBXFileReference; lastKnownFileType = sourcecode.swift; path = AddExpenseDatePicker.swift; sourceTree = "<group>"; };
		BACED7CA29002E120061D464 /* GlobalCustomModifiers.swift */ = {isa = PBXFileReference; lastKnownFileType = sourcecode.swift; path = GlobalCustomModifiers.swift; sourceTree = "<group>"; };
		BACED7CC290035670061D464 /* AddExpenseTextInputView.swift */ = {isa = PBXFileReference; lastKnownFileType = sourcecode.swift; path = AddExpenseTextInputView.swift; sourceTree = "<group>"; };
		BACED7CE290040370061D464 /* AddExpenseListTextView.swift */ = {isa = PBXFileReference; lastKnownFileType = sourcecode.swift; path = AddExpenseListTextView.swift; sourceTree = "<group>"; };
		BACED7D2290044190061D464 /* AddExpenseCalendarButton.swift */ = {isa = PBXFileReference; lastKnownFileType = sourcecode.swift; path = AddExpenseCalendarButton.swift; sourceTree = "<group>"; };
		BACED7D629066F590061D464 /* AddExpenseDeleteButton.swift */ = {isa = PBXFileReference; lastKnownFileType = sourcecode.swift; path = AddExpenseDeleteButton.swift; sourceTree = "<group>"; };
		BACED7D8290672700061D464 /* CategorySettingViewDeleteButton.swift */ = {isa = PBXFileReference; lastKnownFileType = sourcecode.swift; path = CategorySettingViewDeleteButton.swift; sourceTree = "<group>"; };
		BACED7DA29068D010061D464 /* TestView.swift */ = {isa = PBXFileReference; lastKnownFileType = sourcecode.swift; path = TestView.swift; sourceTree = "<group>"; };
		BACED7DC29068F990061D464 /* TextViewTwo.swift */ = {isa = PBXFileReference; lastKnownFileType = sourcecode.swift; path = TextViewTwo.swift; sourceTree = "<group>"; };
		BACED7DE29068FD30061D464 /* TesterView.swift */ = {isa = PBXFileReference; lastKnownFileType = sourcecode.swift; path = TesterView.swift; sourceTree = "<group>"; };
		BACED7E0290693AD0061D464 /* BudgetGoalViewCategoryName.swift */ = {isa = PBXFileReference; lastKnownFileType = sourcecode.swift; path = BudgetGoalViewCategoryName.swift; sourceTree = "<group>"; };
		BACED7E22906D1C90061D464 /* BudgetSettingButton.swift */ = {isa = PBXFileReference; lastKnownFileType = sourcecode.swift; path = BudgetSettingButton.swift; sourceTree = "<group>"; };
		BAEC781428E7351B00911088 /* AddBudgetView.swift */ = {isa = PBXFileReference; lastKnownFileType = sourcecode.swift; path = AddBudgetView.swift; sourceTree = "<group>"; };
		BAEC781628E736E000911088 /* AddBudgetGoal.swift */ = {isa = PBXFileReference; lastKnownFileType = sourcecode.swift; path = AddBudgetGoal.swift; sourceTree = "<group>"; };
		BAEC781D28E852B900911088 /* ExpenseCategoryListView.swift */ = {isa = PBXFileReference; lastKnownFileType = sourcecode.swift; path = ExpenseCategoryListView.swift; sourceTree = "<group>"; };
		BAEC781F28E8568800911088 /* SaveButtonView.swift */ = {isa = PBXFileReference; lastKnownFileType = sourcecode.swift; path = SaveButtonView.swift; sourceTree = "<group>"; };
		BAEC782128E8582800911088 /* TextFieldView.swift */ = {isa = PBXFileReference; lastKnownFileType = sourcecode.swift; path = TextFieldView.swift; sourceTree = "<group>"; };
		BAEC782328E85A1500911088 /* BudgetGoalsListView.swift */ = {isa = PBXFileReference; lastKnownFileType = sourcecode.swift; path = BudgetGoalsListView.swift; sourceTree = "<group>"; };
		BAEC782528E85B7200911088 /* GreenPlusButton.swift */ = {isa = PBXFileReference; lastKnownFileType = sourcecode.swift; path = GreenPlusButton.swift; sourceTree = "<group>"; };
		BAEC782728E85D9300911088 /* ListViewLinkButton.swift */ = {isa = PBXFileReference; lastKnownFileType = sourcecode.swift; path = ListViewLinkButton.swift; sourceTree = "<group>"; };
		BAEC782A28E87DDA00911088 /* CoreDataBudgetManager.swift */ = {isa = PBXFileReference; lastKnownFileType = sourcecode.swift; path = CoreDataBudgetManager.swift; sourceTree = "<group>"; };
		BAEC782E28E97EF300911088 /* BudgetTableListView.swift */ = {isa = PBXFileReference; lastKnownFileType = sourcecode.swift; path = BudgetTableListView.swift; sourceTree = "<group>"; };
		BAEC783028E97F0A00911088 /* AddExpensePickBudgetTableView.swift */ = {isa = PBXFileReference; lastKnownFileType = sourcecode.swift; path = AddExpensePickBudgetTableView.swift; sourceTree = "<group>"; };
		BAEC783328E97F8100911088 /* BudgetTableListObject.swift */ = {isa = PBXFileReference; lastKnownFileType = sourcecode.swift; path = BudgetTableListObject.swift; sourceTree = "<group>"; };
		BAEC783928E9860D00911088 /* AddExpenseDataView.swift */ = {isa = PBXFileReference; lastKnownFileType = sourcecode.swift; path = AddExpenseDataView.swift; sourceTree = "<group>"; };
		BAEC783B28E9E08700911088 /* ExpenseSettingView.swift */ = {isa = PBXFileReference; lastKnownFileType = sourcecode.swift; path = ExpenseSettingView.swift; sourceTree = "<group>"; };
		BAEC783D28EACA7C00911088 /* ExpenseSettingCategoryView.swift */ = {isa = PBXFileReference; lastKnownFileType = sourcecode.swift; path = ExpenseSettingCategoryView.swift; sourceTree = "<group>"; };
		BAEC783F28EACBDD00911088 /* ExpenseSettingBudgetView.swift */ = {isa = PBXFileReference; lastKnownFileType = sourcecode.swift; path = ExpenseSettingBudgetView.swift; sourceTree = "<group>"; };
		BAEC784F28EAE4E700911088 /* BackgroundSplashView.swift */ = {isa = PBXFileReference; lastKnownFileType = sourcecode.swift; path = BackgroundSplashView.swift; sourceTree = "<group>"; };
		BAFACDB628DB088700E0C94F /* StringColorConverter.swift */ = {isa = PBXFileReference; lastKnownFileType = sourcecode.swift; path = StringColorConverter.swift; sourceTree = "<group>"; };
		BAFACDB828DB10B000E0C94F /* CategoriesView.swift */ = {isa = PBXFileReference; lastKnownFileType = sourcecode.swift; path = CategoriesView.swift; sourceTree = "<group>"; };
		BAFFCDC328D6134900013855 /* ExpenseInfoView.swift */ = {isa = PBXFileReference; lastKnownFileType = sourcecode.swift; path = ExpenseInfoView.swift; sourceTree = "<group>"; };
		BAFFCDC528D614A300013855 /* ExpenseCategory+CoreDataClass.swift */ = {isa = PBXFileReference; lastKnownFileType = sourcecode.swift; path = "ExpenseCategory+CoreDataClass.swift"; sourceTree = "<group>"; };
		BAFFCDC628D614A300013855 /* ExpenseCategory+CoreDataProperties.swift */ = {isa = PBXFileReference; lastKnownFileType = sourcecode.swift; path = "ExpenseCategory+CoreDataProperties.swift"; sourceTree = "<group>"; };
/* End PBXFileReference section */

/* Begin PBXFrameworksBuildPhase section */
		BA87EC3A28C8F97200FBDBB8 /* Frameworks */ = {
			isa = PBXFrameworksBuildPhase;
			buildActionMask = 2147483647;
			files = (
				BAEC784328EAD3E900911088 /* Liquid in Frameworks */,
			);
			runOnlyForDeploymentPostprocessing = 0;
		};
		BA87EC4F28C8F97200FBDBB8 /* Frameworks */ = {
			isa = PBXFrameworksBuildPhase;
			buildActionMask = 2147483647;
			files = (
			);
			runOnlyForDeploymentPostprocessing = 0;
		};
		BA87EC5928C8F97200FBDBB8 /* Frameworks */ = {
			isa = PBXFrameworksBuildPhase;
			buildActionMask = 2147483647;
			files = (
			);
			runOnlyForDeploymentPostprocessing = 0;
		};
/* End PBXFrameworksBuildPhase section */

/* Begin PBXGroup section */
		BA87EC3428C8F97200FBDBB8 = {
			isa = PBXGroup;
			children = (
				BA87EC3F28C8F97200FBDBB8 /* ExpenseTrackerTwo */,
				BA87EC5528C8F97200FBDBB8 /* ExpenseTrackerTwoTests */,
				BA87EC5F28C8F97200FBDBB8 /* ExpenseTrackerTwoUITests */,
				BA87EC3E28C8F97200FBDBB8 /* Products */,
			);
			sourceTree = "<group>";
		};
		BA87EC3E28C8F97200FBDBB8 /* Products */ = {
			isa = PBXGroup;
			children = (
				BA87EC3D28C8F97200FBDBB8 /* ExpenseTrackerTwo.app */,
				BA87EC5228C8F97200FBDBB8 /* ExpenseTrackerTwoTests.xctest */,
				BA87EC5C28C8F97200FBDBB8 /* ExpenseTrackerTwoUITests.xctest */,
			);
			name = Products;
			sourceTree = "<group>";
		};
		BA87EC3F28C8F97200FBDBB8 /* ExpenseTrackerTwo */ = {
			isa = PBXGroup;
			children = (
				BAC315F428DA3E2E00448D13 /* Views */,
				BAFE9C1328DB70C000F00AA9 /* Other */,
				BA87EC7D28C9499500FBDBB8 /* CoreDataFiles */,
				BA87EC4428C8F97200FBDBB8 /* Assets.xcassets */,
				BA87EC4928C8F97200FBDBB8 /* Persistence.swift */,
				BA87EC7728C9439F00FBDBB8 /* PreviewManager.swift */,
				BA87EC4B28C8F97200FBDBB8 /* ExpenseTrackerTwo.xcdatamodeld */,
				BA87EC4628C8F97200FBDBB8 /* Preview Content */,
			);
			path = ExpenseTrackerTwo;
			sourceTree = "<group>";
		};
		BA87EC4628C8F97200FBDBB8 /* Preview Content */ = {
			isa = PBXGroup;
			children = (
				BA87EC4728C8F97200FBDBB8 /* Preview Assets.xcassets */,
			);
			path = "Preview Content";
			sourceTree = "<group>";
		};
		BA87EC5528C8F97200FBDBB8 /* ExpenseTrackerTwoTests */ = {
			isa = PBXGroup;
			children = (
				BA87EC5628C8F97200FBDBB8 /* ExpenseTrackerTwoTests.swift */,
			);
			path = ExpenseTrackerTwoTests;
			sourceTree = "<group>";
		};
		BA87EC5F28C8F97200FBDBB8 /* ExpenseTrackerTwoUITests */ = {
			isa = PBXGroup;
			children = (
				BA87EC6028C8F97200FBDBB8 /* ExpenseTrackerTwoUITests.swift */,
				BA87EC6228C8F97200FBDBB8 /* ExpenseTrackerTwoUITestsLaunchTests.swift */,
			);
			path = ExpenseTrackerTwoUITests;
			sourceTree = "<group>";
		};
		BA87EC7D28C9499500FBDBB8 /* CoreDataFiles */ = {
			isa = PBXGroup;
			children = (
				BAEC782928E87D9700911088 /* CoreDataManagers */,
				BAFFCDC528D614A300013855 /* ExpenseCategory+CoreDataClass.swift */,
				BAFFCDC628D614A300013855 /* ExpenseCategory+CoreDataProperties.swift */,
				BAAD926628D1BB15004D712B /* Expense+CoreDataClass.swift */,
				BAAD926728D1BB15004D712B /* Expense+CoreDataProperties.swift */,
				BA87EC8428C952C100FBDBB8 /* BudgetGoals+CoreDataClass.swift */,
				BA87EC8528C952C100FBDBB8 /* BudgetGoals+CoreDataProperties.swift */,
				BA87EC8028C951B900FBDBB8 /* BudgetTable+CoreDataClass.swift */,
				BA87EC8128C951B900FBDBB8 /* BudgetTable+CoreDataProperties.swift */,
			);
			path = CoreDataFiles;
			sourceTree = "<group>";
		};
		BAC315F428DA3E2E00448D13 /* Views */ = {
			isa = PBXGroup;
			children = (
				BA87EC4028C8F97200FBDBB8 /* ExpenseTrackerTwoApp.swift */,
				BA87EC4228C8F97200FBDBB8 /* ContentView.swift */,
				BACED7CA29002E120061D464 /* GlobalCustomModifiers.swift */,
				BAEC781A28E7447400911088 /* GlobalView */,
				BAFE9C1028DB704A00F00AA9 /* BudgetViews */,
				BAFE9C0F28DB703F00F00AA9 /* ExpenseViews */,
				BAFE9C0E28DB703700F00AA9 /* CategoryViews */,
				BAFE9C1128DB706F00F00AA9 /* AddExpenseView */,
			);
			path = Views;
			sourceTree = "<group>";
		};
		BACED7C829002A770061D464 /* Maybe not used */ = {
			isa = PBXGroup;
			children = (
				BACED7C228FFF3B40061D464 /* PickBudgetTableView.swift */,
				BACED7C328FFF3B40061D464 /* PickExpenseCategoryView.swift */,
			);
			path = "Maybe not used";
			sourceTree = "<group>";
		};
		BACED7C929002A840061D464 /* UsedForSure */ = {
			isa = PBXGroup;
			children = (
				BA87EC7128C93D4100FBDBB8 /* AddExpenseView.swift */,
				BAEC783928E9860D00911088 /* AddExpenseDataView.swift */,
				BACED7D2290044190061D464 /* AddExpenseCalendarButton.swift */,
				BACED7D629066F590061D464 /* AddExpenseDeleteButton.swift */,
				BACED7CE290040370061D464 /* AddExpenseListTextView.swift */,
				BACED7CC290035670061D464 /* AddExpenseTextInputView.swift */,
				BACED7C629001A300061D464 /* AddExpenseDatePicker.swift */,
				BA1CD4A528FF36E400559D1A /* AddExpenseCategoryPopupView.swift */,
				BA1CD4A728FFE00000559D1A /* AddExpenseBudgetPopupView.swift */,
				BA35B2B328E0CB7C00560F64 /* HomeView.swift */,
			);
			path = UsedForSure;
			sourceTree = "<group>";
		};
		BAEC781A28E7447400911088 /* GlobalView */ = {
			isa = PBXGroup;
			children = (
				BAEC781D28E852B900911088 /* ExpenseCategoryListView.swift */,
				BAEC782728E85D9300911088 /* ListViewLinkButton.swift */,
				BAEC783228E97F6300911088 /* BudgetTableListView */,
				BAEC781F28E8568800911088 /* SaveButtonView.swift */,
				BAEC782128E8582800911088 /* TextFieldView.swift */,
				BAEC782528E85B7200911088 /* GreenPlusButton.swift */,
			);
			path = GlobalView;
			sourceTree = "<group>";
		};
		BAEC782928E87D9700911088 /* CoreDataManagers */ = {
			isa = PBXGroup;
			children = (
				BA38E90528D1242800EC1A08 /* CoreDataManager.swift */,
				BAEC782A28E87DDA00911088 /* CoreDataBudgetManager.swift */,
				BA38E90728D126B800EC1A08 /* CoreDataExpenseCategoryManager.swift */,
				BA35B2B528E0D12700560F64 /* CoreDataExpenseManager.swift */,
			);
			path = CoreDataManagers;
			sourceTree = "<group>";
		};
		BAEC783228E97F6300911088 /* BudgetTableListView */ = {
			isa = PBXGroup;
			children = (
				BAEC782E28E97EF300911088 /* BudgetTableListView.swift */,
				BAEC783328E97F8100911088 /* BudgetTableListObject.swift */,
			);
			path = BudgetTableListView;
			sourceTree = "<group>";
		};
		BAFE9C0E28DB703700F00AA9 /* CategoryViews */ = {
			isa = PBXGroup;
			children = (
				BAFACDB828DB10B000E0C94F /* CategoriesView.swift */,
				BA5640FB28DB40C100BEEAFD /* CategorySettingView.swift */,
				BACED7D8290672700061D464 /* CategorySettingViewDeleteButton.swift */,
				BA35B2B128E054E100560F64 /* CategoryColorBox.swift */,
				BA5640FD28DB57E800BEEAFD /* CategorySettingColorButton.swift */,
			);
			path = CategoryViews;
			sourceTree = "<group>";
		};
		BAFE9C0F28DB703F00F00AA9 /* ExpenseViews */ = {
			isa = PBXGroup;
			children = (
				BABDB3EA28D2FA2400F0C48C /* ExpensesView.swift */,
				BAEC783B28E9E08700911088 /* ExpenseSettingView.swift */,
				BAEC783F28EACBDD00911088 /* ExpenseSettingBudgetView.swift */,
				BAEC784F28EAE4E700911088 /* BackgroundSplashView.swift */,
				BAEC783D28EACA7C00911088 /* ExpenseSettingCategoryView.swift */,
				BAFFCDC328D6134900013855 /* ExpenseInfoView.swift */,
			);
			path = ExpenseViews;
			sourceTree = "<group>";
		};
		BAFE9C1028DB704A00F00AA9 /* BudgetViews */ = {
			isa = PBXGroup;
			children = (
				BA87EC7328C9407E00FBDBB8 /* BudgetView.swift */,
				BACED7DE29068FD30061D464 /* TesterView.swift */,
				BAEC781428E7351B00911088 /* AddBudgetView.swift */,
				BACED7DA29068D010061D464 /* TestView.swift */,
				BACED7DC29068F990061D464 /* TextViewTwo.swift */,
				BAEC782328E85A1500911088 /* BudgetGoalsListView.swift */,
				BACED7E22906D1C90061D464 /* BudgetSettingButton.swift */,
				BAEC781628E736E000911088 /* AddBudgetGoal.swift */,
				BA87EC7528C9433000FBDBB8 /* BudgetGoalView.swift */,
				BACED7E0290693AD0061D464 /* BudgetGoalViewCategoryName.swift */,
			);
			path = BudgetViews;
			sourceTree = "<group>";
		};
		BAFE9C1128DB706F00F00AA9 /* AddExpenseView */ = {
			isa = PBXGroup;
			children = (
				BACED7C929002A840061D464 /* UsedForSure */,
				BACED7C829002A770061D464 /* Maybe not used */,
				BAEC783028E97F0A00911088 /* AddExpensePickBudgetTableView.swift */,
				BA35B2B728E0D1EC00560F64 /* AddExpenseViewCategoryButton.swift */,
			);
			path = AddExpenseView;
			sourceTree = "<group>";
		};
		BAFE9C1328DB70C000F00AA9 /* Other */ = {
			isa = PBXGroup;
			children = (
				BAFACDB628DB088700E0C94F /* StringColorConverter.swift */,
				BA8DBB0728D6188D00BF36F5 /* GlobalExtensions.swift */,
				BA8DBB0B28D8DD7900BF36F5 /* ExpenseFilterView.swift */,
				BA38E90328CE518100EC1A08 /* BuildHelper.swift */,
			);
			path = Other;
			sourceTree = "<group>";
		};
/* End PBXGroup section */

/* Begin PBXNativeTarget section */
		BA87EC3C28C8F97200FBDBB8 /* ExpenseTrackerTwo */ = {
			isa = PBXNativeTarget;
			buildConfigurationList = BA87EC6628C8F97200FBDBB8 /* Build configuration list for PBXNativeTarget "ExpenseTrackerTwo" */;
			buildPhases = (
				BA87EC3928C8F97200FBDBB8 /* Sources */,
				BA87EC3A28C8F97200FBDBB8 /* Frameworks */,
				BA87EC3B28C8F97200FBDBB8 /* Resources */,
			);
			buildRules = (
			);
			dependencies = (
			);
			name = ExpenseTrackerTwo;
			packageProductDependencies = (
				BAEC784228EAD3E900911088 /* Liquid */,
			);
			productName = ExpenseTrackerTwo;
			productReference = BA87EC3D28C8F97200FBDBB8 /* ExpenseTrackerTwo.app */;
			productType = "com.apple.product-type.application";
		};
		BA87EC5128C8F97200FBDBB8 /* ExpenseTrackerTwoTests */ = {
			isa = PBXNativeTarget;
			buildConfigurationList = BA87EC6928C8F97200FBDBB8 /* Build configuration list for PBXNativeTarget "ExpenseTrackerTwoTests" */;
			buildPhases = (
				BA87EC4E28C8F97200FBDBB8 /* Sources */,
				BA87EC4F28C8F97200FBDBB8 /* Frameworks */,
				BA87EC5028C8F97200FBDBB8 /* Resources */,
			);
			buildRules = (
			);
			dependencies = (
				BA87EC5428C8F97200FBDBB8 /* PBXTargetDependency */,
			);
			name = ExpenseTrackerTwoTests;
			productName = ExpenseTrackerTwoTests;
			productReference = BA87EC5228C8F97200FBDBB8 /* ExpenseTrackerTwoTests.xctest */;
			productType = "com.apple.product-type.bundle.unit-test";
		};
		BA87EC5B28C8F97200FBDBB8 /* ExpenseTrackerTwoUITests */ = {
			isa = PBXNativeTarget;
			buildConfigurationList = BA87EC6C28C8F97200FBDBB8 /* Build configuration list for PBXNativeTarget "ExpenseTrackerTwoUITests" */;
			buildPhases = (
				BA87EC5828C8F97200FBDBB8 /* Sources */,
				BA87EC5928C8F97200FBDBB8 /* Frameworks */,
				BA87EC5A28C8F97200FBDBB8 /* Resources */,
			);
			buildRules = (
			);
			dependencies = (
				BA87EC5E28C8F97200FBDBB8 /* PBXTargetDependency */,
			);
			name = ExpenseTrackerTwoUITests;
			productName = ExpenseTrackerTwoUITests;
			productReference = BA87EC5C28C8F97200FBDBB8 /* ExpenseTrackerTwoUITests.xctest */;
			productType = "com.apple.product-type.bundle.ui-testing";
		};
/* End PBXNativeTarget section */

/* Begin PBXProject section */
		BA87EC3528C8F97200FBDBB8 /* Project object */ = {
			isa = PBXProject;
			attributes = {
				BuildIndependentTargetsInParallel = 1;
				LastSwiftUpdateCheck = 1340;
				LastUpgradeCheck = 1340;
				TargetAttributes = {
					BA87EC3C28C8F97200FBDBB8 = {
						CreatedOnToolsVersion = 13.4.1;
					};
					BA87EC5128C8F97200FBDBB8 = {
						CreatedOnToolsVersion = 13.4.1;
						TestTargetID = BA87EC3C28C8F97200FBDBB8;
					};
					BA87EC5B28C8F97200FBDBB8 = {
						CreatedOnToolsVersion = 13.4.1;
						TestTargetID = BA87EC3C28C8F97200FBDBB8;
					};
				};
			};
			buildConfigurationList = BA87EC3828C8F97200FBDBB8 /* Build configuration list for PBXProject "ExpenseTrackerTwo" */;
			compatibilityVersion = "Xcode 13.0";
			developmentRegion = en;
			hasScannedForEncodings = 0;
			knownRegions = (
				en,
				Base,
			);
			mainGroup = BA87EC3428C8F97200FBDBB8;
			packageReferences = (
				BAEC784128EAD3E900911088 /* XCRemoteSwiftPackageReference "liquid" */,
			);
			productRefGroup = BA87EC3E28C8F97200FBDBB8 /* Products */;
			projectDirPath = "";
			projectRoot = "";
			targets = (
				BA87EC3C28C8F97200FBDBB8 /* ExpenseTrackerTwo */,
				BA87EC5128C8F97200FBDBB8 /* ExpenseTrackerTwoTests */,
				BA87EC5B28C8F97200FBDBB8 /* ExpenseTrackerTwoUITests */,
			);
		};
/* End PBXProject section */

/* Begin PBXResourcesBuildPhase section */
		BA87EC3B28C8F97200FBDBB8 /* Resources */ = {
			isa = PBXResourcesBuildPhase;
			buildActionMask = 2147483647;
			files = (
				BA87EC4828C8F97200FBDBB8 /* Preview Assets.xcassets in Resources */,
				BA87EC4528C8F97200FBDBB8 /* Assets.xcassets in Resources */,
			);
			runOnlyForDeploymentPostprocessing = 0;
		};
		BA87EC5028C8F97200FBDBB8 /* Resources */ = {
			isa = PBXResourcesBuildPhase;
			buildActionMask = 2147483647;
			files = (
			);
			runOnlyForDeploymentPostprocessing = 0;
		};
		BA87EC5A28C8F97200FBDBB8 /* Resources */ = {
			isa = PBXResourcesBuildPhase;
			buildActionMask = 2147483647;
			files = (
			);
			runOnlyForDeploymentPostprocessing = 0;
		};
/* End PBXResourcesBuildPhase section */

/* Begin PBXSourcesBuildPhase section */
		BA87EC3928C8F97200FBDBB8 /* Sources */ = {
			isa = PBXSourcesBuildPhase;
			buildActionMask = 2147483647;
			files = (
				BACED7C528FFF3B40061D464 /* PickExpenseCategoryView.swift in Sources */,
				BA87EC7628C9433000FBDBB8 /* BudgetGoalView.swift in Sources */,
				BA87EC8328C951B900FBDBB8 /* BudgetTable+CoreDataProperties.swift in Sources */,
				BA35B2B828E0D1EC00560F64 /* AddExpenseViewCategoryButton.swift in Sources */,
				BAEC781E28E852B900911088 /* ExpenseCategoryListView.swift in Sources */,
				BA8DBB0C28D8DD7900BF36F5 /* ExpenseFilterView.swift in Sources */,
				BAFACDB928DB10B000E0C94F /* CategoriesView.swift in Sources */,
				BAFACDB728DB088700E0C94F /* StringColorConverter.swift in Sources */,
				BACED7C428FFF3B40061D464 /* PickBudgetTableView.swift in Sources */,
				BABDB3EB28D2FA2400F0C48C /* ExpensesView.swift in Sources */,
				BA38E90828D126B800EC1A08 /* CoreDataExpenseCategoryManager.swift in Sources */,
				BA38E90628D1242800EC1A08 /* CoreDataManager.swift in Sources */,
				BAEC782428E85A1500911088 /* BudgetGoalsListView.swift in Sources */,
				BAEC785028EAE4E700911088 /* BackgroundSplashView.swift in Sources */,
				BAEC782828E85D9300911088 /* ListViewLinkButton.swift in Sources */,
				BA87EC7828C9439F00FBDBB8 /* PreviewManager.swift in Sources */,
				BA35B2B628E0D12700560F64 /* CoreDataExpenseManager.swift in Sources */,
				BA38E90428CE518100EC1A08 /* BuildHelper.swift in Sources */,
				BAEC782B28E87DDA00911088 /* CoreDataBudgetManager.swift in Sources */,
				BAEC782028E8568800911088 /* SaveButtonView.swift in Sources */,
				BAEC783C28E9E08700911088 /* ExpenseSettingView.swift in Sources */,
				BA87EC8628C952C100FBDBB8 /* BudgetGoals+CoreDataClass.swift in Sources */,
				BA1CD4A628FF36E400559D1A /* AddExpenseCategoryPopupView.swift in Sources */,
				BACED7DF29068FD30061D464 /* TesterView.swift in Sources */,
				BAEC781528E7351B00911088 /* AddBudgetView.swift in Sources */,
				BAEC783E28EACA7C00911088 /* ExpenseSettingCategoryView.swift in Sources */,
				BA35B2B228E054E100560F64 /* CategoryColorBox.swift in Sources */,
				BAEC783428E97F8100911088 /* BudgetTableListObject.swift in Sources */,
				BAEC783128E97F0A00911088 /* AddExpensePickBudgetTableView.swift in Sources */,
				BACED7CF290040370061D464 /* AddExpenseListTextView.swift in Sources */,
				BA35B2B428E0CB7C00560F64 /* HomeView.swift in Sources */,
				BA87EC4D28C8F97200FBDBB8 /* ExpenseTrackerTwo.xcdatamodeld in Sources */,
				BAAD926928D1BB15004D712B /* Expense+CoreDataProperties.swift in Sources */,
				BAAD926828D1BB15004D712B /* Expense+CoreDataClass.swift in Sources */,
				BAFFCDC828D614A300013855 /* ExpenseCategory+CoreDataProperties.swift in Sources */,
				BACED7CB29002E120061D464 /* GlobalCustomModifiers.swift in Sources */,
				BA5640FC28DB40C100BEEAFD /* CategorySettingView.swift in Sources */,
				BACED7DB29068D010061D464 /* TestView.swift in Sources */,
				BA5640FE28DB57E800BEEAFD /* CategorySettingColorButton.swift in Sources */,
				BACED7E1290693AD0061D464 /* BudgetGoalViewCategoryName.swift in Sources */,
				BAEC781728E736E000911088 /* AddBudgetGoal.swift in Sources */,
				BACED7E32906D1C90061D464 /* BudgetSettingButton.swift in Sources */,
				BACED7C729001A300061D464 /* AddExpenseDatePicker.swift in Sources */,
				BA87EC4A28C8F97200FBDBB8 /* Persistence.swift in Sources */,
				BACED7DD29068F990061D464 /* TextViewTwo.swift in Sources */,
				BA87EC8228C951B900FBDBB8 /* BudgetTable+CoreDataClass.swift in Sources */,
				BAEC782F28E97EF300911088 /* BudgetTableListView.swift in Sources */,
				BAEC782228E8582800911088 /* TextFieldView.swift in Sources */,
				BACED7CD290035670061D464 /* AddExpenseTextInputView.swift in Sources */,
				BA87EC7228C93D4100FBDBB8 /* AddExpenseView.swift in Sources */,
				BACED7D3290044190061D464 /* AddExpenseCalendarButton.swift in Sources */,
				BA87EC7428C9407E00FBDBB8 /* BudgetView.swift in Sources */,
				BACED7D9290672700061D464 /* CategorySettingViewDeleteButton.swift in Sources */,
				BA87EC4328C8F97200FBDBB8 /* ContentView.swift in Sources */,
				BAEC784028EACBDD00911088 /* ExpenseSettingBudgetView.swift in Sources */,
				BAFFCDC428D6134900013855 /* ExpenseInfoView.swift in Sources */,
				BA1CD4A828FFE00000559D1A /* AddExpenseBudgetPopupView.swift in Sources */,
				BACED7D729066F590061D464 /* AddExpenseDeleteButton.swift in Sources */,
				BA87EC4128C8F97200FBDBB8 /* ExpenseTrackerTwoApp.swift in Sources */,
				BA8DBB0828D6188D00BF36F5 /* GlobalExtensions.swift in Sources */,
				BAFFCDC728D614A300013855 /* ExpenseCategory+CoreDataClass.swift in Sources */,
				BAEC783A28E9860D00911088 /* AddExpenseDataView.swift in Sources */,
				BA87EC8728C952C100FBDBB8 /* BudgetGoals+CoreDataProperties.swift in Sources */,
				BAEC782628E85B7200911088 /* GreenPlusButton.swift in Sources */,
			);
			runOnlyForDeploymentPostprocessing = 0;
		};
		BA87EC4E28C8F97200FBDBB8 /* Sources */ = {
			isa = PBXSourcesBuildPhase;
			buildActionMask = 2147483647;
			files = (
				BA87EC5728C8F97200FBDBB8 /* ExpenseTrackerTwoTests.swift in Sources */,
			);
			runOnlyForDeploymentPostprocessing = 0;
		};
		BA87EC5828C8F97200FBDBB8 /* Sources */ = {
			isa = PBXSourcesBuildPhase;
			buildActionMask = 2147483647;
			files = (
				BA87EC6128C8F97200FBDBB8 /* ExpenseTrackerTwoUITests.swift in Sources */,
				BA87EC6328C8F97200FBDBB8 /* ExpenseTrackerTwoUITestsLaunchTests.swift in Sources */,
			);
			runOnlyForDeploymentPostprocessing = 0;
		};
/* End PBXSourcesBuildPhase section */

/* Begin PBXTargetDependency section */
		BA87EC5428C8F97200FBDBB8 /* PBXTargetDependency */ = {
			isa = PBXTargetDependency;
			target = BA87EC3C28C8F97200FBDBB8 /* ExpenseTrackerTwo */;
			targetProxy = BA87EC5328C8F97200FBDBB8 /* PBXContainerItemProxy */;
		};
		BA87EC5E28C8F97200FBDBB8 /* PBXTargetDependency */ = {
			isa = PBXTargetDependency;
			target = BA87EC3C28C8F97200FBDBB8 /* ExpenseTrackerTwo */;
			targetProxy = BA87EC5D28C8F97200FBDBB8 /* PBXContainerItemProxy */;
		};
/* End PBXTargetDependency section */

/* Begin XCBuildConfiguration section */
		BA87EC6428C8F97200FBDBB8 /* Debug */ = {
			isa = XCBuildConfiguration;
			buildSettings = {
				ALWAYS_SEARCH_USER_PATHS = NO;
				CLANG_ANALYZER_NONNULL = YES;
				CLANG_ANALYZER_NUMBER_OBJECT_CONVERSION = YES_AGGRESSIVE;
				CLANG_CXX_LANGUAGE_STANDARD = "gnu++17";
				CLANG_ENABLE_MODULES = YES;
				CLANG_ENABLE_OBJC_ARC = YES;
				CLANG_ENABLE_OBJC_WEAK = YES;
				CLANG_WARN_BLOCK_CAPTURE_AUTORELEASING = YES;
				CLANG_WARN_BOOL_CONVERSION = YES;
				CLANG_WARN_COMMA = YES;
				CLANG_WARN_CONSTANT_CONVERSION = YES;
				CLANG_WARN_DEPRECATED_OBJC_IMPLEMENTATIONS = YES;
				CLANG_WARN_DIRECT_OBJC_ISA_USAGE = YES_ERROR;
				CLANG_WARN_DOCUMENTATION_COMMENTS = YES;
				CLANG_WARN_EMPTY_BODY = YES;
				CLANG_WARN_ENUM_CONVERSION = YES;
				CLANG_WARN_INFINITE_RECURSION = YES;
				CLANG_WARN_INT_CONVERSION = YES;
				CLANG_WARN_NON_LITERAL_NULL_CONVERSION = YES;
				CLANG_WARN_OBJC_IMPLICIT_RETAIN_SELF = YES;
				CLANG_WARN_OBJC_LITERAL_CONVERSION = YES;
				CLANG_WARN_OBJC_ROOT_CLASS = YES_ERROR;
				CLANG_WARN_QUOTED_INCLUDE_IN_FRAMEWORK_HEADER = YES;
				CLANG_WARN_RANGE_LOOP_ANALYSIS = YES;
				CLANG_WARN_STRICT_PROTOTYPES = YES;
				CLANG_WARN_SUSPICIOUS_MOVE = YES;
				CLANG_WARN_UNGUARDED_AVAILABILITY = YES_AGGRESSIVE;
				CLANG_WARN_UNREACHABLE_CODE = YES;
				CLANG_WARN__DUPLICATE_METHOD_MATCH = YES;
				COPY_PHASE_STRIP = NO;
				DEBUG_INFORMATION_FORMAT = dwarf;
				ENABLE_STRICT_OBJC_MSGSEND = YES;
				ENABLE_TESTABILITY = YES;
				GCC_C_LANGUAGE_STANDARD = gnu11;
				GCC_DYNAMIC_NO_PIC = NO;
				GCC_NO_COMMON_BLOCKS = YES;
				GCC_OPTIMIZATION_LEVEL = 0;
				GCC_PREPROCESSOR_DEFINITIONS = (
					"DEBUG=1",
					"$(inherited)",
				);
				GCC_WARN_64_TO_32_BIT_CONVERSION = YES;
				GCC_WARN_ABOUT_RETURN_TYPE = YES_ERROR;
				GCC_WARN_UNDECLARED_SELECTOR = YES;
				GCC_WARN_UNINITIALIZED_AUTOS = YES_AGGRESSIVE;
				GCC_WARN_UNUSED_FUNCTION = YES;
				GCC_WARN_UNUSED_VARIABLE = YES;
				IPHONEOS_DEPLOYMENT_TARGET = 15.5;
				MTL_ENABLE_DEBUG_INFO = INCLUDE_SOURCE;
				MTL_FAST_MATH = YES;
				ONLY_ACTIVE_ARCH = YES;
				SDKROOT = iphoneos;
				SWIFT_ACTIVE_COMPILATION_CONDITIONS = DEBUG;
				SWIFT_OPTIMIZATION_LEVEL = "-Onone";
			};
			name = Debug;
		};
		BA87EC6528C8F97200FBDBB8 /* Release */ = {
			isa = XCBuildConfiguration;
			buildSettings = {
				ALWAYS_SEARCH_USER_PATHS = NO;
				CLANG_ANALYZER_NONNULL = YES;
				CLANG_ANALYZER_NUMBER_OBJECT_CONVERSION = YES_AGGRESSIVE;
				CLANG_CXX_LANGUAGE_STANDARD = "gnu++17";
				CLANG_ENABLE_MODULES = YES;
				CLANG_ENABLE_OBJC_ARC = YES;
				CLANG_ENABLE_OBJC_WEAK = YES;
				CLANG_WARN_BLOCK_CAPTURE_AUTORELEASING = YES;
				CLANG_WARN_BOOL_CONVERSION = YES;
				CLANG_WARN_COMMA = YES;
				CLANG_WARN_CONSTANT_CONVERSION = YES;
				CLANG_WARN_DEPRECATED_OBJC_IMPLEMENTATIONS = YES;
				CLANG_WARN_DIRECT_OBJC_ISA_USAGE = YES_ERROR;
				CLANG_WARN_DOCUMENTATION_COMMENTS = YES;
				CLANG_WARN_EMPTY_BODY = YES;
				CLANG_WARN_ENUM_CONVERSION = YES;
				CLANG_WARN_INFINITE_RECURSION = YES;
				CLANG_WARN_INT_CONVERSION = YES;
				CLANG_WARN_NON_LITERAL_NULL_CONVERSION = YES;
				CLANG_WARN_OBJC_IMPLICIT_RETAIN_SELF = YES;
				CLANG_WARN_OBJC_LITERAL_CONVERSION = YES;
				CLANG_WARN_OBJC_ROOT_CLASS = YES_ERROR;
				CLANG_WARN_QUOTED_INCLUDE_IN_FRAMEWORK_HEADER = YES;
				CLANG_WARN_RANGE_LOOP_ANALYSIS = YES;
				CLANG_WARN_STRICT_PROTOTYPES = YES;
				CLANG_WARN_SUSPICIOUS_MOVE = YES;
				CLANG_WARN_UNGUARDED_AVAILABILITY = YES_AGGRESSIVE;
				CLANG_WARN_UNREACHABLE_CODE = YES;
				CLANG_WARN__DUPLICATE_METHOD_MATCH = YES;
				COPY_PHASE_STRIP = NO;
				DEBUG_INFORMATION_FORMAT = "dwarf-with-dsym";
				ENABLE_NS_ASSERTIONS = NO;
				ENABLE_STRICT_OBJC_MSGSEND = YES;
				GCC_C_LANGUAGE_STANDARD = gnu11;
				GCC_NO_COMMON_BLOCKS = YES;
				GCC_WARN_64_TO_32_BIT_CONVERSION = YES;
				GCC_WARN_ABOUT_RETURN_TYPE = YES_ERROR;
				GCC_WARN_UNDECLARED_SELECTOR = YES;
				GCC_WARN_UNINITIALIZED_AUTOS = YES_AGGRESSIVE;
				GCC_WARN_UNUSED_FUNCTION = YES;
				GCC_WARN_UNUSED_VARIABLE = YES;
				IPHONEOS_DEPLOYMENT_TARGET = 15.5;
				MTL_ENABLE_DEBUG_INFO = NO;
				MTL_FAST_MATH = YES;
				SDKROOT = iphoneos;
				SWIFT_COMPILATION_MODE = wholemodule;
				SWIFT_OPTIMIZATION_LEVEL = "-O";
				VALIDATE_PRODUCT = YES;
			};
			name = Release;
		};
		BA87EC6728C8F97200FBDBB8 /* Debug */ = {
			isa = XCBuildConfiguration;
			buildSettings = {
				ASSETCATALOG_COMPILER_APPICON_NAME = AppIcon;
				ASSETCATALOG_COMPILER_GLOBAL_ACCENT_COLOR_NAME = AccentColor;
				CODE_SIGN_STYLE = Automatic;
				CURRENT_PROJECT_VERSION = 1;
				DEVELOPMENT_ASSET_PATHS = "\"ExpenseTrackerTwo/Preview Content\"";
				DEVELOPMENT_TEAM = UT9CYK8438;
				ENABLE_PREVIEWS = YES;
				GENERATE_INFOPLIST_FILE = YES;
				INFOPLIST_KEY_UIApplicationSceneManifest_Generation = YES;
				INFOPLIST_KEY_UIApplicationSupportsIndirectInputEvents = YES;
				INFOPLIST_KEY_UILaunchScreen_Generation = YES;
				INFOPLIST_KEY_UISupportedInterfaceOrientations_iPad = "UIInterfaceOrientationPortrait UIInterfaceOrientationPortraitUpsideDown UIInterfaceOrientationLandscapeLeft UIInterfaceOrientationLandscapeRight";
				INFOPLIST_KEY_UISupportedInterfaceOrientations_iPhone = "UIInterfaceOrientationPortrait UIInterfaceOrientationLandscapeLeft UIInterfaceOrientationLandscapeRight";
				LD_RUNPATH_SEARCH_PATHS = (
					"$(inherited)",
					"@executable_path/Frameworks",
				);
				MARKETING_VERSION = 1.0;
				PRODUCT_BUNDLE_IDENTIFIER = karllidar.ExpenseTrackerTwo;
				PRODUCT_NAME = "$(TARGET_NAME)";
				SWIFT_EMIT_LOC_STRINGS = YES;
				SWIFT_VERSION = 5.0;
				TARGETED_DEVICE_FAMILY = "1,2";
			};
			name = Debug;
		};
		BA87EC6828C8F97200FBDBB8 /* Release */ = {
			isa = XCBuildConfiguration;
			buildSettings = {
				ASSETCATALOG_COMPILER_APPICON_NAME = AppIcon;
				ASSETCATALOG_COMPILER_GLOBAL_ACCENT_COLOR_NAME = AccentColor;
				CODE_SIGN_STYLE = Automatic;
				CURRENT_PROJECT_VERSION = 1;
				DEVELOPMENT_ASSET_PATHS = "\"ExpenseTrackerTwo/Preview Content\"";
				DEVELOPMENT_TEAM = UT9CYK8438;
				ENABLE_PREVIEWS = YES;
				GENERATE_INFOPLIST_FILE = YES;
				INFOPLIST_KEY_UIApplicationSceneManifest_Generation = YES;
				INFOPLIST_KEY_UIApplicationSupportsIndirectInputEvents = YES;
				INFOPLIST_KEY_UILaunchScreen_Generation = YES;
				INFOPLIST_KEY_UISupportedInterfaceOrientations_iPad = "UIInterfaceOrientationPortrait UIInterfaceOrientationPortraitUpsideDown UIInterfaceOrientationLandscapeLeft UIInterfaceOrientationLandscapeRight";
				INFOPLIST_KEY_UISupportedInterfaceOrientations_iPhone = "UIInterfaceOrientationPortrait UIInterfaceOrientationLandscapeLeft UIInterfaceOrientationLandscapeRight";
				LD_RUNPATH_SEARCH_PATHS = (
					"$(inherited)",
					"@executable_path/Frameworks",
				);
				MARKETING_VERSION = 1.0;
				PRODUCT_BUNDLE_IDENTIFIER = karllidar.ExpenseTrackerTwo;
				PRODUCT_NAME = "$(TARGET_NAME)";
				SWIFT_EMIT_LOC_STRINGS = YES;
				SWIFT_VERSION = 5.0;
				TARGETED_DEVICE_FAMILY = "1,2";
			};
			name = Release;
		};
		BA87EC6A28C8F97200FBDBB8 /* Debug */ = {
			isa = XCBuildConfiguration;
			buildSettings = {
				ALWAYS_EMBED_SWIFT_STANDARD_LIBRARIES = YES;
				BUNDLE_LOADER = "$(TEST_HOST)";
				CODE_SIGN_STYLE = Automatic;
				CURRENT_PROJECT_VERSION = 1;
				DEVELOPMENT_TEAM = UT9CYK8438;
				GENERATE_INFOPLIST_FILE = YES;
				IPHONEOS_DEPLOYMENT_TARGET = 15.5;
				MARKETING_VERSION = 1.0;
				PRODUCT_BUNDLE_IDENTIFIER = karllidar.ExpenseTrackerTwoTests;
				PRODUCT_NAME = "$(TARGET_NAME)";
				SWIFT_EMIT_LOC_STRINGS = NO;
				SWIFT_VERSION = 5.0;
				TARGETED_DEVICE_FAMILY = "1,2";
				TEST_HOST = "$(BUILT_PRODUCTS_DIR)/ExpenseTrackerTwo.app/ExpenseTrackerTwo";
			};
			name = Debug;
		};
		BA87EC6B28C8F97200FBDBB8 /* Release */ = {
			isa = XCBuildConfiguration;
			buildSettings = {
				ALWAYS_EMBED_SWIFT_STANDARD_LIBRARIES = YES;
				BUNDLE_LOADER = "$(TEST_HOST)";
				CODE_SIGN_STYLE = Automatic;
				CURRENT_PROJECT_VERSION = 1;
				DEVELOPMENT_TEAM = UT9CYK8438;
				GENERATE_INFOPLIST_FILE = YES;
				IPHONEOS_DEPLOYMENT_TARGET = 15.5;
				MARKETING_VERSION = 1.0;
				PRODUCT_BUNDLE_IDENTIFIER = karllidar.ExpenseTrackerTwoTests;
				PRODUCT_NAME = "$(TARGET_NAME)";
				SWIFT_EMIT_LOC_STRINGS = NO;
				SWIFT_VERSION = 5.0;
				TARGETED_DEVICE_FAMILY = "1,2";
				TEST_HOST = "$(BUILT_PRODUCTS_DIR)/ExpenseTrackerTwo.app/ExpenseTrackerTwo";
			};
			name = Release;
		};
		BA87EC6D28C8F97200FBDBB8 /* Debug */ = {
			isa = XCBuildConfiguration;
			buildSettings = {
				ALWAYS_EMBED_SWIFT_STANDARD_LIBRARIES = YES;
				CODE_SIGN_STYLE = Automatic;
				CURRENT_PROJECT_VERSION = 1;
				DEVELOPMENT_TEAM = UT9CYK8438;
				GENERATE_INFOPLIST_FILE = YES;
				MARKETING_VERSION = 1.0;
				PRODUCT_BUNDLE_IDENTIFIER = karllidar.ExpenseTrackerTwoUITests;
				PRODUCT_NAME = "$(TARGET_NAME)";
				SWIFT_EMIT_LOC_STRINGS = NO;
				SWIFT_VERSION = 5.0;
				TARGETED_DEVICE_FAMILY = "1,2";
				TEST_TARGET_NAME = ExpenseTrackerTwo;
			};
			name = Debug;
		};
		BA87EC6E28C8F97200FBDBB8 /* Release */ = {
			isa = XCBuildConfiguration;
			buildSettings = {
				ALWAYS_EMBED_SWIFT_STANDARD_LIBRARIES = YES;
				CODE_SIGN_STYLE = Automatic;
				CURRENT_PROJECT_VERSION = 1;
				DEVELOPMENT_TEAM = UT9CYK8438;
				GENERATE_INFOPLIST_FILE = YES;
				MARKETING_VERSION = 1.0;
				PRODUCT_BUNDLE_IDENTIFIER = karllidar.ExpenseTrackerTwoUITests;
				PRODUCT_NAME = "$(TARGET_NAME)";
				SWIFT_EMIT_LOC_STRINGS = NO;
				SWIFT_VERSION = 5.0;
				TARGETED_DEVICE_FAMILY = "1,2";
				TEST_TARGET_NAME = ExpenseTrackerTwo;
			};
			name = Release;
		};
/* End XCBuildConfiguration section */

/* Begin XCConfigurationList section */
		BA87EC3828C8F97200FBDBB8 /* Build configuration list for PBXProject "ExpenseTrackerTwo" */ = {
			isa = XCConfigurationList;
			buildConfigurations = (
				BA87EC6428C8F97200FBDBB8 /* Debug */,
				BA87EC6528C8F97200FBDBB8 /* Release */,
			);
			defaultConfigurationIsVisible = 0;
			defaultConfigurationName = Release;
		};
		BA87EC6628C8F97200FBDBB8 /* Build configuration list for PBXNativeTarget "ExpenseTrackerTwo" */ = {
			isa = XCConfigurationList;
			buildConfigurations = (
				BA87EC6728C8F97200FBDBB8 /* Debug */,
				BA87EC6828C8F97200FBDBB8 /* Release */,
			);
			defaultConfigurationIsVisible = 0;
			defaultConfigurationName = Release;
		};
		BA87EC6928C8F97200FBDBB8 /* Build configuration list for PBXNativeTarget "ExpenseTrackerTwoTests" */ = {
			isa = XCConfigurationList;
			buildConfigurations = (
				BA87EC6A28C8F97200FBDBB8 /* Debug */,
				BA87EC6B28C8F97200FBDBB8 /* Release */,
			);
			defaultConfigurationIsVisible = 0;
			defaultConfigurationName = Release;
		};
		BA87EC6C28C8F97200FBDBB8 /* Build configuration list for PBXNativeTarget "ExpenseTrackerTwoUITests" */ = {
			isa = XCConfigurationList;
			buildConfigurations = (
				BA87EC6D28C8F97200FBDBB8 /* Debug */,
				BA87EC6E28C8F97200FBDBB8 /* Release */,
			);
			defaultConfigurationIsVisible = 0;
			defaultConfigurationName = Release;
		};
/* End XCConfigurationList section */

/* Begin XCRemoteSwiftPackageReference section */
		BAEC784128EAD3E900911088 /* XCRemoteSwiftPackageReference "liquid" */ = {
			isa = XCRemoteSwiftPackageReference;
			repositoryURL = "https://github.com/maustinstar/liquid";
			requirement = {
				branch = master;
				kind = branch;
			};
		};
/* End XCRemoteSwiftPackageReference section */

/* Begin XCSwiftPackageProductDependency section */
		BAEC784228EAD3E900911088 /* Liquid */ = {
			isa = XCSwiftPackageProductDependency;
			package = BAEC784128EAD3E900911088 /* XCRemoteSwiftPackageReference "liquid" */;
			productName = Liquid;
		};
/* End XCSwiftPackageProductDependency section */

/* Begin XCVersionGroup section */
		BA87EC4B28C8F97200FBDBB8 /* ExpenseTrackerTwo.xcdatamodeld */ = {
			isa = XCVersionGroup;
			children = (
				BA87EC4C28C8F97200FBDBB8 /* ExpenseTrackerTwo.xcdatamodel */,
			);
			currentVersion = BA87EC4C28C8F97200FBDBB8 /* ExpenseTrackerTwo.xcdatamodel */;
			path = ExpenseTrackerTwo.xcdatamodeld;
			sourceTree = "<group>";
			versionGroupType = wrapper.xcdatamodel;
		};
/* End XCVersionGroup section */
	};
	rootObject = BA87EC3528C8F97200FBDBB8 /* Project object */;
}
